<?xml version="1.0" encoding="utf-8"?>
<Project ToolsVersion="4.0" xmlns="http://schemas.microsoft.com/developer/msbuild/2003">
  <ItemGroup>
    <Filter Include="Resource Files">
      <UniqueIdentifier>{67DA6AB6-F800-4c08-8B7A-83BB121AAD01}</UniqueIdentifier>
      <Extensions>rc;ico;cur;bmp;dlg;rc2;rct;bin;rgs;gif;jpg;jpeg;jpe;resx;tiff;tif;png;wav;mfcribbon-ms</Extensions>
    </Filter>
    <Filter Include="include">
      <UniqueIdentifier>{93995380-89BD-4b04-88EB-625FBE52EBFB}</UniqueIdentifier>
      <Extensions>h;hh;hpp;hxx;hm;inl;inc;ipp;xsd</Extensions>
    </Filter>
    <Filter Include="src">
      <UniqueIdentifier>{4FC737F1-C7A5-4376-A066-2A32D752A2FF}</UniqueIdentifier>
      <Extensions>cpp;c;cc;cxx;def;odl;idl;hpj;bat;asm;asmx</Extensions>
    </Filter>
    <Filter Include="include\util">
      <UniqueIdentifier>{f12d2fbe-dece-4046-a467-ea3cc4406f7e}</UniqueIdentifier>
    </Filter>
  </ItemGroup>
  <ItemGroup>
    <ClCompile Include="src\main.cpp">
      <Filter>src</Filter>
    </ClCompile>
    <ClCompile Include="src\cTransform.cpp">
      <Filter>src</Filter>
    </ClCompile>
    <ClCompile Include="src\BasePerspectiveCamera.cpp">
      <Filter>src</Filter>
    </ClCompile>
    <ClCompile Include="src\enPerspectiveFreeCamera.cpp">
      <Filter>src</Filter>
    </ClCompile>
    <ClCompile Include="src\enFirstPersonCamera.cpp">
      <Filter>src</Filter>
    </ClCompile>
    <ClCompile Include="src\enCameraManager.cpp">
      <Filter>src</Filter>
    </ClCompile>
    <ClCompile Include="src\appGraphics.cpp">
      <Filter>src</Filter>
    </ClCompile>
    <ClCompile Include="src\enDevice.cpp">
      <Filter>src</Filter>
    </ClCompile>
    <ClCompile Include="src\enBaseBuffer.cpp">
      <Filter>src</Filter>
    </ClCompile>
    <ClCompile Include="src\enIndexBuffer.cpp">
      <Filter>src</Filter>
    </ClCompile>
    <ClCompile Include="src\enVertexBuffer.cpp">
      <Filter>src</Filter>
    </ClCompile>
    <ClCompile Include="src\enConstBuffer.cpp">
      <Filter>src</Filter>
    </ClCompile>
    <ClCompile Include="src\enSampler.cpp">
      <Filter>src</Filter>
    </ClCompile>
    <ClCompile Include="src\enInputLayout.cpp">
      <Filter>src</Filter>
    </ClCompile>
    <ClCompile Include="src\enBaseShader.cpp">
      <Filter>src</Filter>
    </ClCompile>
    <ClCompile Include="src\enVertexShader.cpp">
      <Filter>src</Filter>
    </ClCompile>
    <ClCompile Include="src\enPixelShader.cpp">
      <Filter>src</Filter>
    </ClCompile>
  </ItemGroup>
  <ItemGroup>
    <ClInclude Include="include\helperFucs.h">
      <Filter>include</Filter>
    </ClInclude>
    <ClInclude Include="include\MacroslessWindow.h">
      <Filter>include</Filter>
    </ClInclude>
    <ClInclude Include="include\Resource.h">
      <Filter>include</Filter>
    </ClInclude>
    <ClInclude Include="include\en_defs.h">
      <Filter>include</Filter>
    </ClInclude>
    <ClInclude Include="include\cTransform.h">
      <Filter>include</Filter>
    </ClInclude>
    <ClInclude Include="include\BasePerspectiveCamera.h">
      <Filter>include</Filter>
    </ClInclude>
    <ClInclude Include="include\util\Header.h">
      <Filter>include\util</Filter>
    </ClInclude>
    <ClInclude Include="include\enTypes.h">
      <Filter>include</Filter>
    </ClInclude>
    <ClInclude Include="include\enPerspectiveFreeCamera.h">
      <Filter>include</Filter>
    </ClInclude>
    <ClInclude Include="include\enFirstPersonCamera.h">
      <Filter>include</Filter>
    </ClInclude>
    <ClInclude Include="include\enCameraManager.h">
      <Filter>include</Filter>
    </ClInclude>
    <ClInclude Include="include\util\cBaseApp.h">
      <Filter>include\util</Filter>
    </ClInclude>
    <ClInclude Include="include\util\soModule.h">
      <Filter>include\util</Filter>
    </ClInclude>
    <ClInclude Include="include\appGraphics.h">
      <Filter>include\util</Filter>
    </ClInclude>
    <ClInclude Include="include\enDevice.h">
      <Filter>include</Filter>
    </ClInclude>
    <ClInclude Include="include\enRenderTargetView.h">
      <Filter>include</Filter>
    </ClInclude>
    <ClInclude Include="include\enBaseBuffer.h">
      <Filter>include</Filter>
    </ClInclude>
    <ClInclude Include="include\enVertexBuffer.h">
      <Filter>include</Filter>
    </ClInclude>
    <ClInclude Include="include\enIndexBuffer.h">
      <Filter>include</Filter>
    </ClInclude>
    <ClInclude Include="include\enConstBuffer.h">
      <Filter>include</Filter>
    </ClInclude>
    <ClInclude Include="include\enSampler.h">
      <Filter>include</Filter>
    </ClInclude>
    <ClInclude Include="include\enInputLayout.h">
      <Filter>include</Filter>
    </ClInclude>
    <ClInclude Include="include\enBaseShader.h">
      <Filter>include</Filter>
    </ClInclude>
    <ClInclude Include="include\enVertexShader.h">
      <Filter>include</Filter>
    </ClInclude>
    <ClInclude Include="include\enPixelShader.h">
      <Filter>include</Filter>
    </ClInclude>
  </ItemGroup>
  <ItemGroup>
    <None Include="cpp.hint" />
    <None Include="packages.config" />
  </ItemGroup>
</Project>